
Microsoft Visual Studio Solution File, Format Version 12.00
# Visual Studio Version 17
VisualStudioVersion = 17.3.32929.385
MinimumVisualStudioVersion = 10.0.40219.1
Project("{FAE04EC0-301F-11D3-BF4B-00C04F79EFBC}") = "CoreProject", "CoreProject\CoreProject.csproj", "{B872D694-A50B-4BF2-B720-A1310E1E716D}"
EndProject
Project("{FAE04EC0-301F-11D3-BF4B-00C04F79EFBC}") = "CoreProject.DataAccessLayer", "CoreProject.DataAccessLayer\CoreProject.DataAccessLayer.csproj", "{411AD04E-E3C6-4B1F-BEC8-7D1E2A976706}"
EndProject
Project("{FAE04EC0-301F-11D3-BF4B-00C04F79EFBC}") = "CoreProject.BusinessLayer", "CoreProject.BusinessLayer\CoreProject.BusinessLayer.csproj", "{AC48CE14-F6BD-4410-B981-12404D0A401A}"
EndProject
Project("{FAE04EC0-301F-11D3-BF4B-00C04F79EFBC}") = "CoreProject.EntityLayer", "CoreProject.EntityLayer\CoreProject.EntityLayer.csproj", "{3903303F-59D6-42BA-B77E-76A3623E5B81}"
EndProject
Global
	GlobalSection(SolutionConfigurationPlatforms) = preSolution
		Debug|Any CPU = Debug|Any CPU
		Release|Any CPU = Release|Any CPU
	EndGlobalSection
	GlobalSection(ProjectConfigurationPlatforms) = postSolution
		{B872D694-A50B-4BF2-B720-A1310E1E716D}.Debug|Any CPU.ActiveCfg = Debug|Any CPU
		{B872D694-A50B-4BF2-B720-A1310E1E716D}.Debug|Any CPU.Build.0 = Debug|Any CPU
		{B872D694-A50B-4BF2-B720-A1310E1E716D}.Release|Any CPU.ActiveCfg = Release|Any CPU
		{B872D694-A50B-4BF2-B720-A1310E1E716D}.Release|Any CPU.Build.0 = Release|Any CPU
		{411AD04E-E3C6-4B1F-BEC8-7D1E2A976706}.Debug|Any CPU.ActiveCfg = Debug|Any CPU
		{411AD04E-E3C6-4B1F-BEC8-7D1E2A976706}.Debug|Any CPU.Build.0 = Debug|Any CPU
		{411AD04E-E3C6-4B1F-BEC8-7D1E2A976706}.Release|Any CPU.ActiveCfg = Release|Any CPU
		{411AD04E-E3C6-4B1F-BEC8-7D1E2A976706}.Release|Any CPU.Build.0 = Release|Any CPU
		{AC48CE14-F6BD-4410-B981-12404D0A401A}.Debug|Any CPU.ActiveCfg = Debug|Any CPU
		{AC48CE14-F6BD-4410-B981-12404D0A401A}.Debug|Any CPU.Build.0 = Debug|Any CPU
		{AC48CE14-F6BD-4410-B981-12404D0A401A}.Release|Any CPU.ActiveCfg = Release|Any CPU
		{AC48CE14-F6BD-4410-B981-12404D0A401A}.Release|Any CPU.Build.0 = Release|Any CPU
		{3903303F-59D6-42BA-B77E-76A3623E5B81}.Debug|Any CPU.ActiveCfg = Debug|Any CPU
		{3903303F-59D6-42BA-B77E-76A3623E5B81}.Debug|Any CPU.Build.0 = Debug|Any CPU
		{3903303F-59D6-42BA-B77E-76A3623E5B81}.Release|Any CPU.ActiveCfg = Release|Any CPU
		{3903303F-59D6-42BA-B77E-76A3623E5B81}.Release|Any CPU.Build.0 = Release|Any CPU
	EndGlobalSection
	GlobalSection(SolutionProperties) = preSolution
		HideSolutionNode = FALSE
	EndGlobalSection
	GlobalSection(ExtensibilityGlobals) = postSolution
		SolutionGuid = {9B966ABE-3790-44FC-A0CF-7EB23336D199}
	EndGlobalSection
EndGlobal
